
Microsoft Visual Studio Solution File, Format Version 12.00
# Visual Studio Version 17
VisualStudioVersion = 17.11.35327.3
MinimumVisualStudioVersion = 10.0.40219.1
Project("{8BC9CEB8-8B4A-11D0-8D11-00A0C91BC942}") = "Jun2-2026", "Jun2-2026\Jun2-2026.vcxproj", "{CAFB2F67-4467-469E-95F1-B3B671312772}"
EndProject
Global
	GlobalSection(SolutionConfigurationPlatforms) = preSolution
		Debug|x64 = Debug|x64
		Debug|x86 = Debug|x86
		Release|x64 = Release|x64
		Release|x86 = Release|x86
	EndGlobalSection
	GlobalSection(ProjectConfigurationPlatforms) = postSolution
		{CAFB2F67-4467-469E-95F1-B3B671312772}.Debug|x64.ActiveCfg = Debug|x64
		{CAFB2F67-4467-469E-95F1-B3B671312772}.Debug|x64.Build.0 = Debug|x64
		{CAFB2F67-4467-469E-95F1-B3B671312772}.Debug|x86.ActiveCfg = Debug|Win32
		{CAFB2F67-4467-469E-95F1-B3B671312772}.Debug|x86.Build.0 = Debug|Win32
		{CAFB2F67-4467-469E-95F1-B3B671312772}.Release|x64.ActiveCfg = Release|x64
		{CAFB2F67-4467-469E-95F1-B3B671312772}.Release|x64.Build.0 = Release|x64
		{CAFB2F67-4467-469E-95F1-B3B671312772}.Release|x86.ActiveCfg = Release|Win32
		{CAFB2F67-4467-469E-95F1-B3B671312772}.Release|x86.Build.0 = Release|Win32
	EndGlobalSection
	GlobalSection(SolutionProperties) = preSolution
		HideSolutionNode = FALSE
	EndGlobalSection
	GlobalSection(ExtensibilityGlobals) = postSolution
		SolutionGuid = {548EFE23-0C70-4F9C-883B-DFE7D65B2DDD}
	EndGlobalSection
EndGlobal
